
Microsoft Visual Studio Solution File, Format Version 12.00
# Visual Studio Version 17
VisualStudioVersion = 17.14.36414.22 d17.14
MinimumVisualStudioVersion = 10.0.40219.1
Project("{FAE04EC0-301F-11D3-BF4B-00C04F79EFBC}") = "CoreExperiment", "CoreExperiment\CoreExperiment.csproj", "{75FFE27F-1422-4246-8349-F6351E88DFA1}"
EndProject
Global
	GlobalSection(SolutionConfigurationPlatforms) = preSolution
		Debug|Any CPU = Debug|Any CPU
		Release|Any CPU = Release|Any CPU
	EndGlobalSection
	GlobalSection(ProjectConfigurationPlatforms) = postSolution
		{75FFE27F-1422-4246-8349-F6351E88DFA1}.Debug|Any CPU.ActiveCfg = Debug|Any CPU
		{75FFE27F-1422-4246-8349-F6351E88DFA1}.Debug|Any CPU.Build.0 = Debug|Any CPU
		{75FFE27F-1422-4246-8349-F6351E88DFA1}.Release|Any CPU.ActiveCfg = Release|Any CPU
		{75FFE27F-1422-4246-8349-F6351E88DFA1}.Release|Any CPU.Build.0 = Release|Any CPU
	EndGlobalSection
	GlobalSection(SolutionProperties) = preSolution
		HideSolutionNode = FALSE
	EndGlobalSection
	GlobalSection(ExtensibilityGlobals) = postSolution
		SolutionGuid = {79F6E7DF-A437-407C-97DE-A514438DE5BB}
	EndGlobalSection
EndGlobal
